PODS:
  - FlutterMacOS (1.0.0)
  - system_date_time_format (0.0.1):
    - FlutterMacOS

DEPENDENCIES:
  - FlutterMacOS (from `Flutter/ephemeral`)
  - system_date_time_format (from `Flutter/ephemeral/.symlinks/plugins/system_date_time_format/macos`)

EXTERNAL SOURCES:
  FlutterMacOS:
    :path: Flutter/ephemeral
  system_date_time_format:
    :path: Flutter/ephemeral/.symlinks/plugins/system_date_time_format/macos

SPEC CHECKSUMS:
  FlutterMacOS: d0db08ddef1a9af05a5ec4b724367152bb0500b1
  system_date_time_format: e5d116ea5579d260bc7d30d3b179c3f26b1b2f39

PODFILE CHECKSUM: 54d867c82ac51cbd61b565781b9fada492027009

COCOAPODS: 1.16.2
