PODS:
  - FlutterMacOS (1.0.0)
  - system_date_time_format (0.0.1):
    - FlutterMacOS

DEPENDENCIES:
  - FlutterMacOS (from `Flutter/ephemeral`)
  - system_date_time_format (from `Flutter/ephemeral/.symlinks/plugins/system_date_time_format/macos`)

EXTERNAL SOURCES:
  FlutterMacOS:
    :path: Flutter/ephemeral
  system_date_time_format:
    :path: Flutter/ephemeral/.symlinks/plugins/system_date_time_format/macos

SPEC CHECKSUMS:
  FlutterMacOS: 8f6f14fa908a6fb3fba0cd85dbd81ec4b251fb24
  system_date_time_format: 4f3982edee40a537cf15c817d1e939b9dbfa457d

PODFILE CHECKSUM: 236401fc2c932af29a9fcf0e97baeeb2d750d367

COCOAPODS: 1.15.2
