PODS:
  - Flutter (1.0.0)
  - system_date_time_format (0.0.1):
    - Flutter

DEPENDENCIES:
  - Flutter (from `Flutter`)
  - system_date_time_format (from `.symlinks/plugins/system_date_time_format/ios`)

EXTERNAL SOURCES:
  Flutter:
    :path: Flutter
  system_date_time_format:
    :path: ".symlinks/plugins/system_date_time_format/ios"

SPEC CHECKSUMS:
  Flutter: e0871f40cf51350855a761d2e70bf5af5b9b5de7
  system_date_time_format: b7d92d72dea1a17adc3b14b8c467ae6bc6181c00

PODFILE CHECKSUM: c4c93c5f6502fe2754f48404d3594bf779584011

COCOAPODS: 1.13.0
