PODS:
  - Flutter (1.0.0)
  - system_date_time_format (0.0.1):
    - Flutter

DEPENDENCIES:
  - Flutter (from `Flutter`)
  - system_date_time_format (from `.symlinks/plugins/system_date_time_format/ios`)

EXTERNAL SOURCES:
  Flutter:
    :path: Flutter
  system_date_time_format:
    :path: ".symlinks/plugins/system_date_time_format/ios"

SPEC CHECKSUMS:
  Flutter: cabc95a1d2626b1b06e7179b784ebcf0c0cde467
  system_date_time_format: d2ff596217fdbb6f04710511579fd3c36c6db598

PODFILE CHECKSUM: 3c63482e143d1b91d2d2560aee9fb04ecc74ac7e

COCOAPODS: 1.16.2
